
Microsoft Visual Studio Solution File, Format Version 12.00
# Visual Studio Version 16
VisualStudioVersion = 16.0.29806.167
MinimumVisualStudioVersion = 10.0.40219.1
Project("{9A19103F-16F7-4668-BE54-9A1E7A4F7556}") = "HW03.Task1", "HW03.Task1\HW03.Task1.csproj", "{276B3AD3-9C64-4297-A8C5-6E08B5694C92}"
EndProject
Project("{9A19103F-16F7-4668-BE54-9A1E7A4F7556}") = "HW03.Task2", "HW03.Task2\HW03.Task2.csproj", "{5D16D8F6-69EA-4570-A53D-A991CC963EC3}"
EndProject
Project("{9A19103F-16F7-4668-BE54-9A1E7A4F7556}") = "HW.02", "HW.02\HW.02.csproj", "{BF40D669-B3D1-4C85-89C0-E0B01C174C3B}"
EndProject
Project("{9A19103F-16F7-4668-BE54-9A1E7A4F7556}") = "HW05.Task1", "HW05.Task1\HW05.Task1.csproj", "{7F1DE566-044C-4FAE-9BF7-2C25EB73BAD6}"
EndProject
Project("{9A19103F-16F7-4668-BE54-9A1E7A4F7556}") = "HW05.Task2", "HW05.Task2\HW05.Task2.csproj", "{C9395F01-EEE6-4890-BA10-B3D62CE3A692}"
EndProject
Project("{9A19103F-16F7-4668-BE54-9A1E7A4F7556}") = "HW06.Task1", "HW06.Task1\HW06.Task1.csproj", "{8CDA2334-3107-40D4-ACDE-145B14AC5918}"
EndProject
Project("{9A19103F-16F7-4668-BE54-9A1E7A4F7556}") = "HW06.Task2", "HW06.Task2\HW06.Task2.csproj", "{CB185990-5914-4195-8A84-5E8ED59DF3F0}"
EndProject
Project("{9A19103F-16F7-4668-BE54-9A1E7A4F7556}") = "HW06.Task3", "HW06.Task3\HW06.Task3.csproj", "{67CBDDCB-0497-4309-B184-73CB075B3122}"
EndProject
Project("{9A19103F-16F7-4668-BE54-9A1E7A4F7556}") = "HW08.Task1", "HW08_Task1\HW08.Task1.csproj", "{085FC681-2373-4446-990D-14EB94D06FFA}"
EndProject
Project("{9A19103F-16F7-4668-BE54-9A1E7A4F7556}") = "HW08.Task2", "HW08.Task2\HW08.Task2.csproj", "{F862E85E-4718-4695-9BA8-9D1389E4772C}"
EndProject
Project("{9A19103F-16F7-4668-BE54-9A1E7A4F7556}") = "HW08.Task3", "HW08.Task3\HW08.Task3.csproj", "{D28FCE6E-F1B8-473A-B44E-5F028E2310FD}"
EndProject
Project("{FAE04EC0-301F-11D3-BF4B-00C04F79EFBC}") = "HW09.AssemblyOne", "HW09.AssemblyOne\HW09.AssemblyOne.csproj", "{26E4B088-86FD-4A94-BB01-FC66748436A3}"
EndProject
Project("{FAE04EC0-301F-11D3-BF4B-00C04F79EFBC}") = "HW09.AssemblyTwo", "HW09.AssemblyTwo\HW09.AssemblyTwo.csproj", "{2D2341B1-E295-4230-BDD3-C5AE4D70D43E}"
EndProject
Global
	GlobalSection(SolutionConfigurationPlatforms) = preSolution
		Debug|Any CPU = Debug|Any CPU
		Release|Any CPU = Release|Any CPU
	EndGlobalSection
	GlobalSection(ProjectConfigurationPlatforms) = postSolution
		{276B3AD3-9C64-4297-A8C5-6E08B5694C92}.Debug|Any CPU.ActiveCfg = Debug|Any CPU
		{276B3AD3-9C64-4297-A8C5-6E08B5694C92}.Debug|Any CPU.Build.0 = Debug|Any CPU
		{276B3AD3-9C64-4297-A8C5-6E08B5694C92}.Release|Any CPU.ActiveCfg = Release|Any CPU
		{276B3AD3-9C64-4297-A8C5-6E08B5694C92}.Release|Any CPU.Build.0 = Release|Any CPU
		{5D16D8F6-69EA-4570-A53D-A991CC963EC3}.Debug|Any CPU.ActiveCfg = Debug|Any CPU
		{5D16D8F6-69EA-4570-A53D-A991CC963EC3}.Debug|Any CPU.Build.0 = Debug|Any CPU
		{5D16D8F6-69EA-4570-A53D-A991CC963EC3}.Release|Any CPU.ActiveCfg = Release|Any CPU
		{5D16D8F6-69EA-4570-A53D-A991CC963EC3}.Release|Any CPU.Build.0 = Release|Any CPU
		{BF40D669-B3D1-4C85-89C0-E0B01C174C3B}.Debug|Any CPU.ActiveCfg = Debug|Any CPU
		{BF40D669-B3D1-4C85-89C0-E0B01C174C3B}.Debug|Any CPU.Build.0 = Debug|Any CPU
		{BF40D669-B3D1-4C85-89C0-E0B01C174C3B}.Release|Any CPU.ActiveCfg = Release|Any CPU
		{BF40D669-B3D1-4C85-89C0-E0B01C174C3B}.Release|Any CPU.Build.0 = Release|Any CPU
		{7F1DE566-044C-4FAE-9BF7-2C25EB73BAD6}.Debug|Any CPU.ActiveCfg = Debug|Any CPU
		{7F1DE566-044C-4FAE-9BF7-2C25EB73BAD6}.Debug|Any CPU.Build.0 = Debug|Any CPU
		{7F1DE566-044C-4FAE-9BF7-2C25EB73BAD6}.Release|Any CPU.ActiveCfg = Release|Any CPU
		{7F1DE566-044C-4FAE-9BF7-2C25EB73BAD6}.Release|Any CPU.Build.0 = Release|Any CPU
		{C9395F01-EEE6-4890-BA10-B3D62CE3A692}.Debug|Any CPU.ActiveCfg = Debug|Any CPU
		{C9395F01-EEE6-4890-BA10-B3D62CE3A692}.Debug|Any CPU.Build.0 = Debug|Any CPU
		{C9395F01-EEE6-4890-BA10-B3D62CE3A692}.Release|Any CPU.ActiveCfg = Release|Any CPU
		{C9395F01-EEE6-4890-BA10-B3D62CE3A692}.Release|Any CPU.Build.0 = Release|Any CPU
		{8CDA2334-3107-40D4-ACDE-145B14AC5918}.Debug|Any CPU.ActiveCfg = Debug|Any CPU
		{8CDA2334-3107-40D4-ACDE-145B14AC5918}.Debug|Any CPU.Build.0 = Debug|Any CPU
		{8CDA2334-3107-40D4-ACDE-145B14AC5918}.Release|Any CPU.ActiveCfg = Release|Any CPU
		{8CDA2334-3107-40D4-ACDE-145B14AC5918}.Release|Any CPU.Build.0 = Release|Any CPU
		{CB185990-5914-4195-8A84-5E8ED59DF3F0}.Debug|Any CPU.ActiveCfg = Debug|Any CPU
		{CB185990-5914-4195-8A84-5E8ED59DF3F0}.Debug|Any CPU.Build.0 = Debug|Any CPU
		{CB185990-5914-4195-8A84-5E8ED59DF3F0}.Release|Any CPU.ActiveCfg = Release|Any CPU
		{CB185990-5914-4195-8A84-5E8ED59DF3F0}.Release|Any CPU.Build.0 = Release|Any CPU
		{67CBDDCB-0497-4309-B184-73CB075B3122}.Debug|Any CPU.ActiveCfg = Debug|Any CPU
		{67CBDDCB-0497-4309-B184-73CB075B3122}.Debug|Any CPU.Build.0 = Debug|Any CPU
		{67CBDDCB-0497-4309-B184-73CB075B3122}.Release|Any CPU.ActiveCfg = Release|Any CPU
		{67CBDDCB-0497-4309-B184-73CB075B3122}.Release|Any CPU.Build.0 = Release|Any CPU
		{085FC681-2373-4446-990D-14EB94D06FFA}.Debug|Any CPU.ActiveCfg = Debug|Any CPU
		{085FC681-2373-4446-990D-14EB94D06FFA}.Debug|Any CPU.Build.0 = Debug|Any CPU
		{085FC681-2373-4446-990D-14EB94D06FFA}.Release|Any CPU.ActiveCfg = Release|Any CPU
		{085FC681-2373-4446-990D-14EB94D06FFA}.Release|Any CPU.Build.0 = Release|Any CPU
		{F862E85E-4718-4695-9BA8-9D1389E4772C}.Debug|Any CPU.ActiveCfg = Debug|Any CPU
		{F862E85E-4718-4695-9BA8-9D1389E4772C}.Debug|Any CPU.Build.0 = Debug|Any CPU
		{F862E85E-4718-4695-9BA8-9D1389E4772C}.Release|Any CPU.ActiveCfg = Release|Any CPU
		{F862E85E-4718-4695-9BA8-9D1389E4772C}.Release|Any CPU.Build.0 = Release|Any CPU
		{D28FCE6E-F1B8-473A-B44E-5F028E2310FD}.Debug|Any CPU.ActiveCfg = Debug|Any CPU
		{D28FCE6E-F1B8-473A-B44E-5F028E2310FD}.Debug|Any CPU.Build.0 = Debug|Any CPU
		{D28FCE6E-F1B8-473A-B44E-5F028E2310FD}.Release|Any CPU.ActiveCfg = Release|Any CPU
		{D28FCE6E-F1B8-473A-B44E-5F028E2310FD}.Release|Any CPU.Build.0 = Release|Any CPU
		{26E4B088-86FD-4A94-BB01-FC66748436A3}.Debug|Any CPU.ActiveCfg = Debug|Any CPU
		{26E4B088-86FD-4A94-BB01-FC66748436A3}.Debug|Any CPU.Build.0 = Debug|Any CPU
		{26E4B088-86FD-4A94-BB01-FC66748436A3}.Release|Any CPU.ActiveCfg = Release|Any CPU
		{26E4B088-86FD-4A94-BB01-FC66748436A3}.Release|Any CPU.Build.0 = Release|Any CPU
		{2D2341B1-E295-4230-BDD3-C5AE4D70D43E}.Debug|Any CPU.ActiveCfg = Debug|Any CPU
		{2D2341B1-E295-4230-BDD3-C5AE4D70D43E}.Debug|Any CPU.Build.0 = Debug|Any CPU
		{2D2341B1-E295-4230-BDD3-C5AE4D70D43E}.Release|Any CPU.ActiveCfg = Release|Any CPU
		{2D2341B1-E295-4230-BDD3-C5AE4D70D43E}.Release|Any CPU.Build.0 = Release|Any CPU
	EndGlobalSection
	GlobalSection(SolutionProperties) = preSolution
		HideSolutionNode = FALSE
	EndGlobalSection
	GlobalSection(ExtensibilityGlobals) = postSolution
		SolutionGuid = {BF5B885E-C788-4B65-A0A9-48481D52183E}
	EndGlobalSection
EndGlobal
